<?xml version="1.0" encoding="utf-8"?>
<Project ToolsVersion="4.0" xmlns="http://schemas.microsoft.com/developer/msbuild/2003">
  <ItemGroup>
    <Filter Include="Source Files">
      <UniqueIdentifier>{4FC737F1-C7A5-4376-A066-2A32D752A2FF}</UniqueIdentifier>
      <Extensions>cpp;c;cc;cxx;def;odl;idl;hpj;bat;asm;asmx</Extensions>
    </Filter>
    <Filter Include="Header Files">
      <UniqueIdentifier>{93995380-89BD-4b04-88EB-625FBE52EBFB}</UniqueIdentifier>
      <Extensions>h;hh;hpp;hxx;hm;inl;inc;xsd</Extensions>
    </Filter>
    <Filter Include="Resource Files">
      <UniqueIdentifier>{67DA6AB6-F800-4c08-8B7A-83BB121AAD01}</UniqueIdentifier>
      <Extensions>rc;ico;cur;bmp;dlg;rc2;rct;bin;rgs;gif;jpg;jpeg;jpe;resx;tiff;tif;png;wav;mfcribbon-ms</Extensions>
    </Filter>
    <Filter Include="Source Files\klasy">
      <UniqueIdentifier>{54d0e1e6-d20a-449c-aa1a-168d1b017f91}</UniqueIdentifier>
    </Filter>
  </ItemGroup>
  <ItemGroup>
    <ClCompile Include="main.cpp">
      <Filter>Source Files</Filter>
    </ClCompile>
    <ClCompile Include="testbuild.cpp">
      <Filter>Source Files</Filter>
    </ClCompile>
    <ClCompile Include="JPGLHelper.cpp">
      <Filter>Source Files\klasy</Filter>
    </ClCompile>
    <ClCompile Include="ShaderCompiler.cpp">
      <Filter>Source Files\klasy</Filter>
    </ClCompile>
    <ClCompile Include="KeyboardManager.cpp">
      <Filter>Source Files\klasy</Filter>
    </ClCompile>
    <ClCompile Include="MatrixWrapper.cpp">
      <Filter>Source Files\klasy</Filter>
    </ClCompile>
    <ClCompile Include="TextureWrapper.cpp">
      <Filter>Source Files</Filter>
    </ClCompile>
    <ClCompile Include="Camera.cpp">
      <Filter>Source Files</Filter>
    </ClCompile>
    <ClCompile Include="Plane.cpp">
      <Filter>Source Files</Filter>
    </ClCompile>
    <ClCompile Include="Train.cpp">
      <Filter>Source Files</Filter>
    </ClCompile>
    <ClCompile Include="TrainWall.cpp">
      <Filter>Source Files</Filter>
    </ClCompile>
    <ClCompile Include="Wheel.cpp">
      <Filter>Source Files</Filter>
    </ClCompile>
    <ClCompile Include="Truss.cpp">
      <Filter>Source Files</Filter>
    </ClCompile>
    <ClCompile Include="Light.cpp">
      <Filter>Source Files</Filter>
    </ClCompile>
  </ItemGroup>
  <ItemGroup>
    <ClInclude Include="JPGLHelper.h">
      <Filter>Header Files</Filter>
    </ClInclude>
    <ClInclude Include="ShaderCompiler.h">
      <Filter>Header Files</Filter>
    </ClInclude>
    <ClInclude Include="KeyboardManager.h">
      <Filter>Header Files</Filter>
    </ClInclude>
    <ClInclude Include="MatrixWrapper.h">
      <Filter>Header Files</Filter>
    </ClInclude>
    <ClInclude Include="TextureWrapper.h">
      <Filter>Header Files</Filter>
    </ClInclude>
    <ClInclude Include="Camera.h">
      <Filter>Header Files</Filter>
    </ClInclude>
    <ClInclude Include="Plane.h">
      <Filter>Header Files</Filter>
    </ClInclude>
    <ClInclude Include="Train.h">
      <Filter>Header Files</Filter>
    </ClInclude>
    <ClInclude Include="TrainWall.h">
      <Filter>Header Files</Filter>
    </ClInclude>
    <ClInclude Include="Wheel.h">
      <Filter>Header Files</Filter>
    </ClInclude>
    <ClInclude Include="Truss.h">
      <Filter>Header Files</Filter>
    </ClInclude>
    <ClInclude Include="Light.h">
      <Filter>Header Files</Filter>
    </ClInclude>
  </ItemGroup>
  <ItemGroup>
    <None Include="ground.frag">
      <Filter>Resource Files</Filter>
    </None>
    <None Include="ground.vert">
      <Filter>Resource Files</Filter>
    </None>
    <None Include="train.frag">
      <Filter>Resource Files</Filter>
    </None>
    <None Include="train.vert">
      <Filter>Resource Files</Filter>
    </None>
  </ItemGroup>
</Project>